
Microsoft Visual Studio Solution File, Format Version 11.00
# Visual Studio 2010
Project("{FAE04EC0-301F-11D3-BF4B-00C04F79EFBC}") = "DatabaseHomeworkProject", "Assembly-CSharp.csproj", "{D781B78E-C8D2-AC2D-B9DC-825E9BBFED03}"
EndProject
Project("{FAE04EC0-301F-11D3-BF4B-00C04F79EFBC}") = "DatabaseHomeworkProject", "Assembly-CSharp-Editor.csproj", "{C2DEB4DE-DBCD-E76B-CF17-4C5AD71B13B6}"
EndProject
Global
	GlobalSection(SolutionConfigurationPlatforms) = preSolution
		Debug|Any CPU = Debug|Any CPU
		Release|Any CPU = Release|Any CPU
	EndGlobalSection
	GlobalSection(ProjectConfigurationPlatforms) = postSolution
		{D781B78E-C8D2-AC2D-B9DC-825E9BBFED03}.Debug|Any CPU.ActiveCfg = Debug|Any CPU
		{D781B78E-C8D2-AC2D-B9DC-825E9BBFED03}.Debug|Any CPU.Build.0 = Debug|Any CPU
		{D781B78E-C8D2-AC2D-B9DC-825E9BBFED03}.Release|Any CPU.ActiveCfg = Release|Any CPU
		{D781B78E-C8D2-AC2D-B9DC-825E9BBFED03}.Release|Any CPU.Build.0 = Release|Any CPU
		{C2DEB4DE-DBCD-E76B-CF17-4C5AD71B13B6}.Debug|Any CPU.ActiveCfg = Debug|Any CPU
		{C2DEB4DE-DBCD-E76B-CF17-4C5AD71B13B6}.Debug|Any CPU.Build.0 = Debug|Any CPU
		{C2DEB4DE-DBCD-E76B-CF17-4C5AD71B13B6}.Release|Any CPU.ActiveCfg = Release|Any CPU
		{C2DEB4DE-DBCD-E76B-CF17-4C5AD71B13B6}.Release|Any CPU.Build.0 = Release|Any CPU
	EndGlobalSection
	GlobalSection(SolutionProperties) = preSolution
		HideSolutionNode = FALSE
	EndGlobalSection
	GlobalSection(MonoDevelopProperties) = preSolution
		StartupItem = Assembly-CSharp.csproj
	EndGlobalSection
EndGlobal
